// !$*UTF8*$!
{
	archiveVersion = 1;
	classes = {
	};
	objectVersion = 56;
	objects = {

/* Begin PBXBuildFile section */
		E96C99042B265A1B00634818 /* Great_SportsApp.swift in Sources */ = {isa = PBXBuildFile; fileRef = E96C99032B265A1B00634818 /* Great_SportsApp.swift */; };
		E96C99062B265A1B00634818 /* ContentView.swift in Sources */ = {isa = PBXBuildFile; fileRef = E96C99052B265A1B00634818 /* ContentView.swift */; };
		E96C99082B265A1D00634818 /* Assets.xcassets in Resources */ = {isa = PBXBuildFile; fileRef = E96C99072B265A1D00634818 /* Assets.xcassets */; };
		E96C990B2B265A1D00634818 /* Preview Assets.xcassets in Resources */ = {isa = PBXBuildFile; fileRef = E96C990A2B265A1D00634818 /* Preview Assets.xcassets */; };
		E96C99162B265AEE00634818 /* Player.swift in Sources */ = {isa = PBXBuildFile; fileRef = E96C99152B265AEE00634818 /* Player.swift */; };
		E96C99192B265D0700634818 /* PlayersViewModel.swift in Sources */ = {isa = PBXBuildFile; fileRef = E96C99182B265D0700634818 /* PlayersViewModel.swift */; };
		E96C991B2B26612700634818 /* PlayersResponse.swift in Sources */ = {isa = PBXBuildFile; fileRef = E96C991A2B26612700634818 /* PlayersResponse.swift */; };
		E96C991E2B2662EA00634818 /* PlayersView.swift in Sources */ = {isa = PBXBuildFile; fileRef = E96C991D2B2662EA00634818 /* PlayersView.swift */; };
		E96C99202B2669EA00634818 /* players.json in Resources */ = {isa = PBXBuildFile; fileRef = E96C991F2B2669EA00634818 /* players.json */; };
		E96C99222B2697C900634818 /* PlayerDetailsView.swift in Sources */ = {isa = PBXBuildFile; fileRef = E96C99212B2697C900634818 /* PlayerDetailsView.swift */; };
/* End PBXBuildFile section */

/* Begin PBXFileReference section */
		E96C99002B265A1B00634818 /* Great Sports.app */ = {isa = PBXFileReference; explicitFileType = wrapper.application; includeInIndex = 0; path = "Great Sports.app"; sourceTree = BUILT_PRODUCTS_DIR; };
		E96C99032B265A1B00634818 /* Great_SportsApp.swift */ = {isa = PBXFileReference; lastKnownFileType = sourcecode.swift; path = Great_SportsApp.swift; sourceTree = "<group>"; };
		E96C99052B265A1B00634818 /* ContentView.swift */ = {isa = PBXFileReference; lastKnownFileType = sourcecode.swift; path = ContentView.swift; sourceTree = "<group>"; };
		E96C99072B265A1D00634818 /* Assets.xcassets */ = {isa = PBXFileReference; lastKnownFileType = folder.assetcatalog; path = Assets.xcassets; sourceTree = "<group>"; };
		E96C990A2B265A1D00634818 /* Preview Assets.xcassets */ = {isa = PBXFileReference; lastKnownFileType = folder.assetcatalog; path = "Preview Assets.xcassets"; sourceTree = "<group>"; };
		E96C99152B265AEE00634818 /* Player.swift */ = {isa = PBXFileReference; lastKnownFileType = sourcecode.swift; path = Player.swift; sourceTree = "<group>"; };
		E96C99182B265D0700634818 /* PlayersViewModel.swift */ = {isa = PBXFileReference; lastKnownFileType = sourcecode.swift; path = PlayersViewModel.swift; sourceTree = "<group>"; };
		E96C991A2B26612700634818 /* PlayersResponse.swift */ = {isa = PBXFileReference; lastKnownFileType = sourcecode.swift; path = PlayersResponse.swift; sourceTree = "<group>"; };
		E96C991D2B2662EA00634818 /* PlayersView.swift */ = {isa = PBXFileReference; lastKnownFileType = sourcecode.swift; path = PlayersView.swift; sourceTree = "<group>"; };
		E96C991F2B2669EA00634818 /* players.json */ = {isa = PBXFileReference; lastKnownFileType = text.json; path = players.json; sourceTree = "<group>"; };
		E96C99212B2697C900634818 /* PlayerDetailsView.swift */ = {isa = PBXFileReference; lastKnownFileType = sourcecode.swift; path = PlayerDetailsView.swift; sourceTree = "<group>"; };
/* End PBXFileReference section */

/* Begin PBXFrameworksBuildPhase section */
		E96C98FD2B265A1B00634818 /* Frameworks */ = {
			isa = PBXFrameworksBuildPhase;
			buildActionMask = 2147483647;
			files = (
			);
			runOnlyForDeploymentPostprocessing = 0;
		};
/* End PBXFrameworksBuildPhase section */

/* Begin PBXGroup section */
		E96C98F72B265A1B00634818 = {
			isa = PBXGroup;
			children = (
				E96C99022B265A1B00634818 /* Great Sports */,
				E96C99012B265A1B00634818 /* Products */,
			);
			sourceTree = "<group>";
		};
		E96C99012B265A1B00634818 /* Products */ = {
			isa = PBXGroup;
			children = (
				E96C99002B265A1B00634818 /* Great Sports.app */,
			);
			name = Products;
			sourceTree = "<group>";
		};
		E96C99022B265A1B00634818 /* Great Sports */ = {
			isa = PBXGroup;
			children = (
				E96C99112B265A2E00634818 /* Players */,
				E96C99032B265A1B00634818 /* Great_SportsApp.swift */,
				E96C99052B265A1B00634818 /* ContentView.swift */,
				E96C99072B265A1D00634818 /* Assets.xcassets */,
				E96C99092B265A1D00634818 /* Preview Content */,
				E96C991F2B2669EA00634818 /* players.json */,
			);
			path = "Great Sports";
			sourceTree = "<group>";
		};
		E96C99092B265A1D00634818 /* Preview Content */ = {
			isa = PBXGroup;
			children = (
				E96C990A2B265A1D00634818 /* Preview Assets.xcassets */,
			);
			path = "Preview Content";
			sourceTree = "<group>";
		};
		E96C99112B265A2E00634818 /* Players */ = {
			isa = PBXGroup;
			children = (
				E96C99122B265A4100634818 /* Models */,
				E96C991C2B2662C500634818 /* View */,
				E96C99172B265CD900634818 /* ViewModel */,
			);
			path = Players;
			sourceTree = "<group>";
		};
		E96C99122B265A4100634818 /* Models */ = {
			isa = PBXGroup;
			children = (
				E96C99152B265AEE00634818 /* Player.swift */,
				E96C991A2B26612700634818 /* PlayersResponse.swift */,
			);
			path = Models;
			sourceTree = "<group>";
		};
		E96C99172B265CD900634818 /* ViewModel */ = {
			isa = PBXGroup;
			children = (
				E96C99182B265D0700634818 /* PlayersViewModel.swift */,
			);
			path = ViewModel;
			sourceTree = "<group>";
		};
		E96C991C2B2662C500634818 /* View */ = {
			isa = PBXGroup;
			children = (
				E96C991D2B2662EA00634818 /* PlayersView.swift */,
				E96C99212B2697C900634818 /* PlayerDetailsView.swift */,
			);
			path = View;
			sourceTree = "<group>";
		};
/* End PBXGroup section */

/* Begin PBXNativeTarget section */
		E96C98FF2B265A1B00634818 /* Great Sports */ = {
			isa = PBXNativeTarget;
			buildConfigurationList = E96C990E2B265A1D00634818 /* Build configuration list for PBXNativeTarget "Great Sports" */;
			buildPhases = (
				E96C98FC2B265A1B00634818 /* Sources */,
				E96C98FD2B265A1B00634818 /* Frameworks */,
				E96C98FE2B265A1B00634818 /* Resources */,
			);
			buildRules = (
			);
			dependencies = (
			);
			name = "Great Sports";
			productName = "Great Sports";
			productReference = E96C99002B265A1B00634818 /* Great Sports.app */;
			productType = "com.apple.product-type.application";
		};
/* End PBXNativeTarget section */

/* Begin PBXProject section */
		E96C98F82B265A1B00634818 /* Project object */ = {
			isa = PBXProject;
			attributes = {
				BuildIndependentTargetsInParallel = 1;
				LastSwiftUpdateCheck = 1500;
				LastUpgradeCheck = 1500;
				TargetAttributes = {
					E96C98FF2B265A1B00634818 = {
						CreatedOnToolsVersion = 15.0;
					};
				};
			};
			buildConfigurationList = E96C98FB2B265A1B00634818 /* Build configuration list for PBXProject "Great Sports" */;
			compatibilityVersion = "Xcode 14.0";
			developmentRegion = en;
			hasScannedForEncodings = 0;
			knownRegions = (
				en,
				Base,
			);
			mainGroup = E96C98F72B265A1B00634818;
			productRefGroup = E96C99012B265A1B00634818 /* Products */;
			projectDirPath = "";
			projectRoot = "";
			targets = (
				E96C98FF2B265A1B00634818 /* Great Sports */,
			);
		};
/* End PBXProject section */

/* Begin PBXResourcesBuildPhase section */
		E96C98FE2B265A1B00634818 /* Resources */ = {
			isa = PBXResourcesBuildPhase;
			buildActionMask = 2147483647;
			files = (
				E96C990B2B265A1D00634818 /* Preview Assets.xcassets in Resources */,
				E96C99082B265A1D00634818 /* Assets.xcassets in Resources */,
				E96C99202B2669EA00634818 /* players.json in Resources */,
			);
			runOnlyForDeploymentPostprocessing = 0;
		};
/* End PBXResourcesBuildPhase section */

/* Begin PBXSourcesBuildPhase section */
		E96C98FC2B265A1B00634818 /* Sources */ = {
			isa = PBXSourcesBuildPhase;
			buildActionMask = 2147483647;
			files = (
				E96C99062B265A1B00634818 /* ContentView.swift in Sources */,
				E96C99192B265D0700634818 /* PlayersViewModel.swift in Sources */,
				E96C99162B265AEE00634818 /* Player.swift in Sources */,
				E96C991B2B26612700634818 /* PlayersResponse.swift in Sources */,
				E96C99042B265A1B00634818 /* Great_SportsApp.swift in Sources */,
				E96C991E2B2662EA00634818 /* PlayersView.swift in Sources */,
				E96C99222B2697C900634818 /* PlayerDetailsView.swift in Sources */,
			);
			runOnlyForDeploymentPostprocessing = 0;
		};
/* End PBXSourcesBuildPhase section */

/* Begin XCBuildConfiguration section */
		E96C990C2B265A1D00634818 /* Debug */ = {
			isa = XCBuildConfiguration;
			buildSettings = {
				ALWAYS_SEARCH_USER_PATHS = NO;
				ASSETCATALOG_COMPILER_GENERATE_SWIFT_ASSET_SYMBOL_EXTENSIONS = YES;
				CLANG_ANALYZER_NONNULL = YES;
				CLANG_ANALYZER_NUMBER_OBJECT_CONVERSION = YES_AGGRESSIVE;
				CLANG_CXX_LANGUAGE_STANDARD = "gnu++20";
				CLANG_ENABLE_MODULES = YES;
				CLANG_ENABLE_OBJC_ARC = YES;
				CLANG_ENABLE_OBJC_WEAK = YES;
				CLANG_WARN_BLOCK_CAPTURE_AUTORELEASING = YES;
				CLANG_WARN_BOOL_CONVERSION = YES;
				CLANG_WARN_COMMA = YES;
				CLANG_WARN_CONSTANT_CONVERSION = YES;
				CLANG_WARN_DEPRECATED_OBJC_IMPLEMENTATIONS = YES;
				CLANG_WARN_DIRECT_OBJC_ISA_USAGE = YES_ERROR;
				CLANG_WARN_DOCUMENTATION_COMMENTS = YES;
				CLANG_WARN_EMPTY_BODY = YES;
				CLANG_WARN_ENUM_CONVERSION = YES;
				CLANG_WARN_INFINITE_RECURSION = YES;
				CLANG_WARN_INT_CONVERSION = YES;
				CLANG_WARN_NON_LITERAL_NULL_CONVERSION = YES;
				CLANG_WARN_OBJC_IMPLICIT_RETAIN_SELF = YES;
				CLANG_WARN_OBJC_LITERAL_CONVERSION = YES;
				CLANG_WARN_OBJC_ROOT_CLASS = YES_ERROR;
				CLANG_WARN_QUOTED_INCLUDE_IN_FRAMEWORK_HEADER = YES;
				CLANG_WARN_RANGE_LOOP_ANALYSIS = YES;
				CLANG_WARN_STRICT_PROTOTYPES = YES;
				CLANG_WARN_SUSPICIOUS_MOVE = YES;
				CLANG_WARN_UNGUARDED_AVAILABILITY = YES_AGGRESSIVE;
				CLANG_WARN_UNREACHABLE_CODE = YES;
				CLANG_WARN__DUPLICATE_METHOD_MATCH = YES;
				COPY_PHASE_STRIP = NO;
				DEBUG_INFORMATION_FORMAT = dwarf;
				ENABLE_STRICT_OBJC_MSGSEND = YES;
				ENABLE_TESTABILITY = YES;
				ENABLE_USER_SCRIPT_SANDBOXING = YES;
				GCC_C_LANGUAGE_STANDARD = gnu17;
				GCC_DYNAMIC_NO_PIC = NO;
				GCC_NO_COMMON_BLOCKS = YES;
				GCC_OPTIMIZATION_LEVEL = 0;
				GCC_PREPROCESSOR_DEFINITIONS = (
					"DEBUG=1",
					"$(inherited)",
				);
				GCC_WARN_64_TO_32_BIT_CONVERSION = YES;
				GCC_WARN_ABOUT_RETURN_TYPE = YES_ERROR;
				GCC_WARN_UNDECLARED_SELECTOR = YES;
				GCC_WARN_UNINITIALIZED_AUTOS = YES_AGGRESSIVE;
				GCC_WARN_UNUSED_FUNCTION = YES;
				GCC_WARN_UNUSED_VARIABLE = YES;
				IPHONEOS_DEPLOYMENT_TARGET = 17.0;
				LOCALIZATION_PREFERS_STRING_CATALOGS = YES;
				MTL_ENABLE_DEBUG_INFO = INCLUDE_SOURCE;
				MTL_FAST_MATH = YES;
				ONLY_ACTIVE_ARCH = YES;
				SDKROOT = iphoneos;
				SWIFT_ACTIVE_COMPILATION_CONDITIONS = "DEBUG $(inherited)";
				SWIFT_OPTIMIZATION_LEVEL = "-Onone";
			};
			name = Debug;
		};
		E96C990D2B265A1D00634818 /* Release */ = {
			isa = XCBuildConfiguration;
			buildSettings = {
				ALWAYS_SEARCH_USER_PATHS = NO;
				ASSETCATALOG_COMPILER_GENERATE_SWIFT_ASSET_SYMBOL_EXTENSIONS = YES;
				CLANG_ANALYZER_NONNULL = YES;
				CLANG_ANALYZER_NUMBER_OBJECT_CONVERSION = YES_AGGRESSIVE;
				CLANG_CXX_LANGUAGE_STANDARD = "gnu++20";
				CLANG_ENABLE_MODULES = YES;
				CLANG_ENABLE_OBJC_ARC = YES;
				CLANG_ENABLE_OBJC_WEAK = YES;
				CLANG_WARN_BLOCK_CAPTURE_AUTORELEASING = YES;
				CLANG_WARN_BOOL_CONVERSION = YES;
				CLANG_WARN_COMMA = YES;
				CLANG_WARN_CONSTANT_CONVERSION = YES;
				CLANG_WARN_DEPRECATED_OBJC_IMPLEMENTATIONS = YES;
				CLANG_WARN_DIRECT_OBJC_ISA_USAGE = YES_ERROR;
				CLANG_WARN_DOCUMENTATION_COMMENTS = YES;
				CLANG_WARN_EMPTY_BODY = YES;
				CLANG_WARN_ENUM_CONVERSION = YES;
				CLANG_WARN_INFINITE_RECURSION = YES;
				CLANG_WARN_INT_CONVERSION = YES;
				CLANG_WARN_NON_LITERAL_NULL_CONVERSION = YES;
				CLANG_WARN_OBJC_IMPLICIT_RETAIN_SELF = YES;
				CLANG_WARN_OBJC_LITERAL_CONVERSION = YES;
				CLANG_WARN_OBJC_ROOT_CLASS = YES_ERROR;
				CLANG_WARN_QUOTED_INCLUDE_IN_FRAMEWORK_HEADER = YES;
				CLANG_WARN_RANGE_LOOP_ANALYSIS = YES;
				CLANG_WARN_STRICT_PROTOTYPES = YES;
				CLANG_WARN_SUSPICIOUS_MOVE = YES;
				CLANG_WARN_UNGUARDED_AVAILABILITY = YES_AGGRESSIVE;
				CLANG_WARN_UNREACHABLE_CODE = YES;
				CLANG_WARN__DUPLICATE_METHOD_MATCH = YES;
				COPY_PHASE_STRIP = NO;
				DEBUG_INFORMATION_FORMAT = "dwarf-with-dsym";
				ENABLE_NS_ASSERTIONS = NO;
				ENABLE_STRICT_OBJC_MSGSEND = YES;
				ENABLE_USER_SCRIPT_SANDBOXING = YES;
				GCC_C_LANGUAGE_STANDARD = gnu17;
				GCC_NO_COMMON_BLOCKS = YES;
				GCC_WARN_64_TO_32_BIT_CONVERSION = YES;
				GCC_WARN_ABOUT_RETURN_TYPE = YES_ERROR;
				GCC_WARN_UNDECLARED_SELECTOR = YES;
				GCC_WARN_UNINITIALIZED_AUTOS = YES_AGGRESSIVE;
				GCC_WARN_UNUSED_FUNCTION = YES;
				GCC_WARN_UNUSED_VARIABLE = YES;
				IPHONEOS_DEPLOYMENT_TARGET = 17.0;
				LOCALIZATION_PREFERS_STRING_CATALOGS = YES;
				MTL_ENABLE_DEBUG_INFO = NO;
				MTL_FAST_MATH = YES;
				SDKROOT = iphoneos;
				SWIFT_COMPILATION_MODE = wholemodule;
				VALIDATE_PRODUCT = YES;
			};
			name = Release;
		};
		E96C990F2B265A1D00634818 /* Debug */ = {
			isa = XCBuildConfiguration;
			buildSettings = {
				ASSETCATALOG_COMPILER_APPICON_NAME = AppIcon;
				ASSETCATALOG_COMPILER_GLOBAL_ACCENT_COLOR_NAME = AccentColor;
				CODE_SIGN_STYLE = Automatic;
				CURRENT_PROJECT_VERSION = 1;
				DEVELOPMENT_ASSET_PATHS = "\"Great Sports/Preview Content\"";
				ENABLE_PREVIEWS = YES;
				GENERATE_INFOPLIST_FILE = YES;
				INFOPLIST_KEY_UIApplicationSceneManifest_Generation = YES;
				INFOPLIST_KEY_UIApplicationSupportsIndirectInputEvents = YES;
				INFOPLIST_KEY_UILaunchScreen_Generation = YES;
				INFOPLIST_KEY_UISupportedInterfaceOrientations_iPad = "UIInterfaceOrientationPortrait UIInterfaceOrientationPortraitUpsideDown UIInterfaceOrientationLandscapeLeft UIInterfaceOrientationLandscapeRight";
				INFOPLIST_KEY_UISupportedInterfaceOrientations_iPhone = "UIInterfaceOrientationPortrait UIInterfaceOrientationLandscapeLeft UIInterfaceOrientationLandscapeRight";
				LD_RUNPATH_SEARCH_PATHS = (
					"$(inherited)",
					"@executable_path/Frameworks",
				);
				MARKETING_VERSION = 1.0;
				PRODUCT_BUNDLE_IDENTIFIER = "com.thafershahin.Great-Sports";
				PRODUCT_NAME = "$(TARGET_NAME)";
				SWIFT_EMIT_LOC_STRINGS = YES;
				SWIFT_VERSION = 5.0;
				TARGETED_DEVICE_FAMILY = "1,2";
			};
			name = Debug;
		};
		E96C99102B265A1D00634818 /* Release */ = {
			isa = XCBuildConfiguration;
			buildSettings = {
				ASSETCATALOG_COMPILER_APPICON_NAME = AppIcon;
				ASSETCATALOG_COMPILER_GLOBAL_ACCENT_COLOR_NAME = AccentColor;
				CODE_SIGN_STYLE = Automatic;
				CURRENT_PROJECT_VERSION = 1;
				DEVELOPMENT_ASSET_PATHS = "\"Great Sports/Preview Content\"";
				ENABLE_PREVIEWS = YES;
				GENERATE_INFOPLIST_FILE = YES;
				INFOPLIST_KEY_UIApplicationSceneManifest_Generation = YES;
				INFOPLIST_KEY_UIApplicationSupportsIndirectInputEvents = YES;
				INFOPLIST_KEY_UILaunchScreen_Generation = YES;
				INFOPLIST_KEY_UISupportedInterfaceOrientations_iPad = "UIInterfaceOrientationPortrait UIInterfaceOrientationPortraitUpsideDown UIInterfaceOrientationLandscapeLeft UIInterfaceOrientationLandscapeRight";
				INFOPLIST_KEY_UISupportedInterfaceOrientations_iPhone = "UIInterfaceOrientationPortrait UIInterfaceOrientationLandscapeLeft UIInterfaceOrientationLandscapeRight";
				LD_RUNPATH_SEARCH_PATHS = (
					"$(inherited)",
					"@executable_path/Frameworks",
				);
				MARKETING_VERSION = 1.0;
				PRODUCT_BUNDLE_IDENTIFIER = "com.thafershahin.Great-Sports";
				PRODUCT_NAME = "$(TARGET_NAME)";
				SWIFT_EMIT_LOC_STRINGS = YES;
				SWIFT_VERSION = 5.0;
				TARGETED_DEVICE_FAMILY = "1,2";
			};
			name = Release;
		};
/* End XCBuildConfiguration section */

/* Begin XCConfigurationList section */
		E96C98FB2B265A1B00634818 /* Build configuration list for PBXProject "Great Sports" */ = {
			isa = XCConfigurationList;
			buildConfigurations = (
				E96C990C2B265A1D00634818 /* Debug */,
				E96C990D2B265A1D00634818 /* Release */,
			);
			defaultConfigurationIsVisible = 0;
			defaultConfigurationName = Release;
		};
		E96C990E2B265A1D00634818 /* Build configuration list for PBXNativeTarget "Great Sports" */ = {
			isa = XCConfigurationList;
			buildConfigurations = (
				E96C990F2B265A1D00634818 /* Debug */,
				E96C99102B265A1D00634818 /* Release */,
			);
			defaultConfigurationIsVisible = 0;
			defaultConfigurationName = Release;
		};
/* End XCConfigurationList section */
	};
	rootObject = E96C98F82B265A1B00634818 /* Project object */;
}
